{
    "_readme": [
        "This file locks the dependencies of your project to a known state",
        "Read more about it at https://getcomposer.org/doc/01-basic-usage.md#installing-dependencies",
        "This file is @generated automatically"
    ],
    "content-hash": "7cd549a693087928daf50d75817356ae",
    "packages": [
        {
            "name": "cheprasov/php-redis-client",
            "version": "1.10.0",
            "source": {
                "type": "git",
                "url": "https://github.com/cheprasov/php-redis-client.git",
                "reference": "c3594e0bbc8ee1bc2c11c889ce5dfa0d3b8a6f9a"
            },
            "dist": {
                "type": "zip",
                "url": "https://api.github.com/repos/cheprasov/php-redis-client/zipball/c3594e0bbc8ee1bc2c11c889ce5dfa0d3b8a6f9a",
                "reference": "c3594e0bbc8ee1bc2c11c889ce5dfa0d3b8a6f9a",
                "shasum": ""
            },
            "require": {
                "php": ">=5.5"
            },
            "require-dev": {
                "cheprasov/php-extra-mocks": "^1.0.0",
                "phpunit/phpunit": "4.8.*"
            },
            "type": "library",
            "autoload": {
                "psr-0": {
                    "RedisClient\\": "src"
                }
            },
            "notification-url": "https://packagist.org/downloads/",
            "license": [
                "MIT"
            ],
            "authors": [
                {
                    "name": "Alexander Cheprasov",
                    "email": "acheprasov84@gmail.com"
                }
            ],
            "description": "Php client for Redis. It is a fast, fully-functional and user-friendly client for Redis, optimized for performance. RedisClient supports the latest versions of Redis starting from 2.6 to 6.0",
            "homepage": "http://github.com/cheprasov/php-redis-client",
            "support": {
                "issues": "https://github.com/cheprasov/php-redis-client/issues",
                "source": "https://github.com/cheprasov/php-redis-client/tree/v1.10.0"
            },
            "time": "2020-06-20T13:05:24+00:00"
        },
        {
            "name": "ethanhann/redis-raw",
            "version": "0.3.2",
            "source": {
                "type": "git",
                "url": "https://github.com/ethanhann/redis-raw-php.git",
                "reference": "f4186c6ed5c9d2a37da70508c2780970865fcf2d"
            },
            "dist": {
                "type": "zip",
                "url": "https://api.github.com/repos/ethanhann/redis-raw-php/zipball/f4186c6ed5c9d2a37da70508c2780970865fcf2d",
                "reference": "f4186c6ed5c9d2a37da70508c2780970865fcf2d",
                "shasum": ""
            },
            "require": {
                "php": ">=7",
                "psr/log": "^1.0"
            },
            "require-dev": {
                "cheprasov/php-redis-client": "^1.8",
                "consolidation/robo": "^1.0",
                "friendsofphp/php-cs-fixer": "^2.2",
                "mockery/mockery": "^0.9.9",
                "monolog/monolog": "^1.23",
                "phpunit/phpunit": "^6.0",
                "predis/predis": "^1.1",
                "ukko/phpredis-phpdoc": "^2.2@dev"
            },
            "type": "library",
            "autoload": {
                "psr-4": {
                    "Ehann\\RedisRaw\\": "src"
                }
            },
            "notification-url": "https://packagist.org/downloads/",
            "license": [
                "MIT"
            ],
            "authors": [
                {
                    "name": "Ethan Hann",
                    "email": "ethanhann@gmail.com"
                }
            ],
            "description": "Redis/PHP connectors.",
            "support": {
                "issues": "https://github.com/ethanhann/redis-raw-php/issues",
                "source": "https://github.com/ethanhann/redis-raw-php/tree/0.3.2"
            },
            "time": "2022-06-04T21:11:47+00:00"
        },
        {
            "name": "ethanhann/redisearch-php",
            "version": "1.9.0",
            "source": {
                "type": "git",
                "url": "https://github.com/ethanhann/redisearch-php.git",
                "reference": "01490a47ba09e2883f07f87ee4cc00a09886e8d4"
            },
            "dist": {
                "type": "zip",
                "url": "https://api.github.com/repos/ethanhann/redisearch-php/zipball/01490a47ba09e2883f07f87ee4cc00a09886e8d4",
                "reference": "01490a47ba09e2883f07f87ee4cc00a09886e8d4",
                "shasum": ""
            },
            "require": {
                "ethanhann/redis-raw": "^0.3",
                "php": ">=7",
                "psr/log": "^1.0"
            },
            "require-dev": {
                "cheprasov/php-redis-client": "^1.8",
                "consolidation/robo": "^1.0",
                "friendsofphp/php-cs-fixer": "^2.2",
                "mockery/mockery": "^0.9.9",
                "monolog/monolog": "^1.23",
                "phpunit/phpunit": "^6.0",
                "predis/predis": "^1.1",
                "ukko/phpredis-phpdoc": "^5.0@beta"
            },
            "type": "library",
            "autoload": {
                "psr-4": {
                    "Ehann\\RediSearch\\": "src"
                }
            },
            "notification-url": "https://packagist.org/downloads/",
            "license": [
                "MIT"
            ],
            "authors": [
                {
                    "name": "Ethan Hann",
                    "email": "ethanhann@gmail.com"
                }
            ],
            "support": {
                "issues": "https://github.com/ethanhann/redisearch-php/issues",
                "source": "https://github.com/ethanhann/redisearch-php/tree/1.9.0"
            },
            "time": "2019-11-02T10:21:18+00:00"
        },
        {
            "name": "psr/log",
            "version": "1.1.4",
            "source": {
                "type": "git",
                "url": "https://github.com/php-fig/log.git",
                "reference": "d49695b909c3b7628b6289db5479a1c204601f11"
            },
            "dist": {
                "type": "zip",
                "url": "https://api.github.com/repos/php-fig/log/zipball/d49695b909c3b7628b6289db5479a1c204601f11",
                "reference": "d49695b909c3b7628b6289db5479a1c204601f11",
                "shasum": ""
            },
            "require": {
                "php": ">=5.3.0"
            },
            "type": "library",
            "extra": {
                "branch-alias": {
                    "dev-master": "1.1.x-dev"
                }
            },
            "autoload": {
                "psr-4": {
                    "Psr\\Log\\": "Psr/Log/"
                }
            },
            "notification-url": "https://packagist.org/downloads/",
            "license": [
                "MIT"
            ],
            "authors": [
                {
                    "name": "PHP-FIG",
                    "homepage": "https://www.php-fig.org/"
                }
            ],
            "description": "Common interface for logging libraries",
            "homepage": "https://github.com/php-fig/log",
            "keywords": [
                "log",
                "psr",
                "psr-3"
            ],
            "support": {
                "source": "https://github.com/php-fig/log/tree/1.1.4"
            },
            "time": "2021-05-03T11:20:27+00:00"
        }
    ],
    "packages-dev": [],
    "aliases": [],
    "minimum-stability": "stable",
    "stability-flags": [],
    "prefer-stable": false,
    "prefer-lowest": false,
    "platform": [],
    "platform-dev": [],
    "plugin-api-version": "2.3.0"
}
