{
    "_readme": [
        "This file locks the dependencies of your project to a known state",
        "Read more about it at https://getcomposer.org/doc/01-basic-usage.md#installing-dependencies",
        "This file is @generated automatically"
    ],
    "content-hash": "3bb620b6c30fef9a81ed6fed61e4049b",
    "packages": [
        {
            "name": "sherweb/otus-package",
            "version": "v1.0.4",
            "source": {
                "type": "git",
                "url": "https://github.com/serverwebb/otus-package.git",
                "reference": "b482c2074f217d1b892837dc37bc9895499f2f26"
            },
            "dist": {
                "type": "zip",
                "url": "https://api.github.com/repos/serverwebb/otus-package/zipball/b482c2074f217d1b892837dc37bc9895499f2f26",
                "reference": "b482c2074f217d1b892837dc37bc9895499f2f26",
                "shasum": ""
            },
            "type": "library",
            "autoload": {
                "psr-4": {
                    "Sherweb\\OtusPackage\\": "src/"
                }
            },
            "notification-url": "https://packagist.org/downloads/",
            "authors": [
                {
                    "name": "sherweb",
                    "email": "serverwebb@gmail.com"
                }
            ],
            "time": "2024-01-13T09:40:19+00:00"
        }
    ],
    "packages-dev": [],
    "aliases": [],
    "minimum-stability": "stable",
    "stability-flags": [],
    "prefer-stable": false,
    "prefer-lowest": false,
    "platform": [],
    "platform-dev": [],
    "plugin-api-version": "1.1.0"
}
